
Microsoft Visual Studio Solution File, Format Version 12.00
# Visual Studio 2015
Project("{FAE04EC0-301F-11D3-BF4B-00C04F79EFBC}") = "Game7.CSharp", "Game7.CSharp.csproj", "{10EE529A-FD3A-4DEA-1D98-31D2661A367C}"
EndProject
Global
	GlobalSection(SolutionConfigurationPlatforms) = preSolution
		Debug|Any CPU = Debug|Any CPU
		Release|Any CPU = Release|Any CPU
	EndGlobalSection
	GlobalSection(ProjectConfigurationPlatforms) = postSolution
		{10EE529A-FD3A-4DEA-1D98-31D2661A367C}.Debug|Any CPU.ActiveCfg = Debug|Any CPU
		{10EE529A-FD3A-4DEA-1D98-31D2661A367C}.Debug|Any CPU.Build.0 = Debug|Any CPU
		{10EE529A-FD3A-4DEA-1D98-31D2661A367C}.Release|Any CPU.ActiveCfg = Release|Any CPU
		{10EE529A-FD3A-4DEA-1D98-31D2661A367C}.Release|Any CPU.Build.0 = Release|Any CPU
	EndGlobalSection
	GlobalSection(SolutionProperties) = preSolution
		HideSolutionNode = FALSE
	EndGlobalSection
EndGlobal
